PODS:
  - CCDropboxRealmSync-iOS (0.0.1):
    - Dropbox-Sync-API-SDK
    - Realm
  - Dropbox-Sync-API-SDK (3.1.2)
  - Realm (0.90.2):
    - Realm/Headers (= 0.90.2)
  - realm-database-2015 (0.0.1):
    - Realm
  - Realm/Headers (0.90.2)

DEPENDENCIES:
  - CCDropboxRealmSync-iOS (from `https://github.com/frc1678/CCDropboxRealmSync-iOS`)
  - realm-database-2015 (from `https://github.com/frc1678/realm-database-2015`)

EXTERNAL SOURCES:
  CCDropboxRealmSync-iOS:
    :git: https://github.com/frc1678/CCDropboxRealmSync-iOS
  realm-database-2015:
    :git: https://github.com/frc1678/realm-database-2015

CHECKOUT OPTIONS:
  CCDropboxRealmSync-iOS:
    :commit: 0259a70d43567122898d72f8103c9ee6911709a9
    :git: https://github.com/frc1678/CCDropboxRealmSync-iOS
  realm-database-2015:
    :commit: 35f063d813d9396f4e291d912b7e30b37b2fc429
    :git: https://github.com/frc1678/realm-database-2015

SPEC CHECKSUMS:
  CCDropboxRealmSync-iOS: fdfa530aaea8406511d89324d2c4f6a129a2dd1e
  Dropbox-Sync-API-SDK: 16aef545267acf60efdbecbfd1fbdf04d3ee5a7c
  Realm: e5e2a23e34e1f8c00a1484c130a9d00c1394a2af
  realm-database-2015: 275004bd0b4685ce29acfbf3fbacc137b08b3bc2

COCOAPODS: 0.36.0.beta.1
