PODS:
  - CCDropboxRealmSync-iOS (0.0.1):
    - Dropbox-Sync-API-SDK
    - Realm
  - Dropbox-Sync-API-SDK (3.1.2)
  - Realm (0.90.6):
    - Realm/Headers (= 0.90.6)
  - realm-database-2015 (0.0.1):
    - Realm
  - Realm/Headers (0.90.6)

DEPENDENCIES:
  - CCDropboxRealmSync-iOS (from `https://github.com/frc1678/CCDropboxRealmSync-iOS`)
  - realm-database-2015 (from `https://github.com/frc1678/realm-database-2015`)

EXTERNAL SOURCES:
  CCDropboxRealmSync-iOS:
    :git: https://github.com/frc1678/CCDropboxRealmSync-iOS
  realm-database-2015:
    :git: https://github.com/frc1678/realm-database-2015

CHECKOUT OPTIONS:
  CCDropboxRealmSync-iOS:
    :commit: 1b8786c19e626a60b9d0dc86c939078684ccd439
    :git: https://github.com/frc1678/CCDropboxRealmSync-iOS
  realm-database-2015:
    :commit: 43648cc5d27f6bd2ab6b0928f71a2a3d70639b80
    :git: https://github.com/frc1678/realm-database-2015

SPEC CHECKSUMS:
  CCDropboxRealmSync-iOS: 41efe40858f4fb1c16e983cfb044b4aeb0d21578
  Dropbox-Sync-API-SDK: 16aef545267acf60efdbecbfd1fbdf04d3ee5a7c
  Realm: 6c3facc11964ab9f828f47de6d0e9bf9c4d9c818
  realm-database-2015: 79dd9966fdd3bcee0710d48b51551d74ee5ddf1f

COCOAPODS: 0.36.0.beta.1
