// !$*UTF8*$!
{
	archiveVersion = 1;
	classes = {
	};
	objectVersion = 46;
	objects = {

/* Begin PBXBuildFile section */
		195B9ABC1A62EA86009A2FEF /* main.m in Sources */ = {isa = PBXBuildFile; fileRef = 195B9ABB1A62EA86009A2FEF /* main.m */; };
		195B9ABF1A62EA86009A2FEF /* AppDelegate.m in Sources */ = {isa = PBXBuildFile; fileRef = 195B9ABE1A62EA86009A2FEF /* AppDelegate.m */; };
		195B9AC21A62EA86009A2FEF /* ViewController.m in Sources */ = {isa = PBXBuildFile; fileRef = 195B9AC11A62EA86009A2FEF /* ViewController.m */; };
		195B9AC51A62EA86009A2FEF /* Main.storyboard in Resources */ = {isa = PBXBuildFile; fileRef = 195B9AC31A62EA86009A2FEF /* Main.storyboard */; };
		195B9AC71A62EA86009A2FEF /* Images.xcassets in Resources */ = {isa = PBXBuildFile; fileRef = 195B9AC61A62EA86009A2FEF /* Images.xcassets */; };
		195B9ACA1A62EA86009A2FEF /* LaunchScreen.xib in Resources */ = {isa = PBXBuildFile; fileRef = 195B9AC81A62EA86009A2FEF /* LaunchScreen.xib */; };
		195B9AD61A62EA86009A2FEF /* Server_2015_iOSTests.m in Sources */ = {isa = PBXBuildFile; fileRef = 195B9AD51A62EA86009A2FEF /* Server_2015_iOSTests.m */; };
		195B9AE01A62F1EF009A2FEF /* default.png in Resources */ = {isa = PBXBuildFile; fileRef = 195B9ADF1A62F1EF009A2FEF /* default.png */; };
		CAEF676CA2C18CA5EB4924DE /* libPods-Server-2015-iOS.a in Frameworks */ = {isa = PBXBuildFile; fileRef = 166FAE544B134D51F3032594 /* libPods-Server-2015-iOS.a */; };
/* End PBXBuildFile section */

/* Begin PBXContainerItemProxy section */
		195B9AD01A62EA86009A2FEF /* PBXContainerItemProxy */ = {
			isa = PBXContainerItemProxy;
			containerPortal = 195B9AAE1A62EA86009A2FEF /* Project object */;
			proxyType = 1;
			remoteGlobalIDString = 195B9AB51A62EA86009A2FEF;
			remoteInfo = "Server-2015-iOS";
		};
/* End PBXContainerItemProxy section */

/* Begin PBXFileReference section */
		1287F04B7B81849910000D36 /* Pods-Server-2015-iOS.release.xcconfig */ = {isa = PBXFileReference; includeInIndex = 1; lastKnownFileType = text.xcconfig; name = "Pods-Server-2015-iOS.release.xcconfig"; path = "Pods/Target Support Files/Pods-Server-2015-iOS/Pods-Server-2015-iOS.release.xcconfig"; sourceTree = "<group>"; };
		166FAE544B134D51F3032594 /* libPods-Server-2015-iOS.a */ = {isa = PBXFileReference; explicitFileType = archive.ar; includeInIndex = 0; path = "libPods-Server-2015-iOS.a"; sourceTree = BUILT_PRODUCTS_DIR; };
		195B9AB61A62EA86009A2FEF /* Server-2015-iOS.app */ = {isa = PBXFileReference; explicitFileType = wrapper.application; includeInIndex = 0; path = "Server-2015-iOS.app"; sourceTree = BUILT_PRODUCTS_DIR; };
		195B9ABA1A62EA86009A2FEF /* Info.plist */ = {isa = PBXFileReference; lastKnownFileType = text.plist.xml; path = Info.plist; sourceTree = "<group>"; };
		195B9ABB1A62EA86009A2FEF /* main.m */ = {isa = PBXFileReference; lastKnownFileType = sourcecode.c.objc; path = main.m; sourceTree = "<group>"; };
		195B9ABD1A62EA86009A2FEF /* AppDelegate.h */ = {isa = PBXFileReference; lastKnownFileType = sourcecode.c.h; path = AppDelegate.h; sourceTree = "<group>"; };
		195B9ABE1A62EA86009A2FEF /* AppDelegate.m */ = {isa = PBXFileReference; lastKnownFileType = sourcecode.c.objc; path = AppDelegate.m; sourceTree = "<group>"; };
		195B9AC01A62EA86009A2FEF /* ViewController.h */ = {isa = PBXFileReference; lastKnownFileType = sourcecode.c.h; path = ViewController.h; sourceTree = "<group>"; };
		195B9AC11A62EA86009A2FEF /* ViewController.m */ = {isa = PBXFileReference; lastKnownFileType = sourcecode.c.objc; path = ViewController.m; sourceTree = "<group>"; };
		195B9AC41A62EA86009A2FEF /* Base */ = {isa = PBXFileReference; lastKnownFileType = file.storyboard; name = Base; path = Base.lproj/Main.storyboard; sourceTree = "<group>"; };
		195B9AC61A62EA86009A2FEF /* Images.xcassets */ = {isa = PBXFileReference; lastKnownFileType = folder.assetcatalog; path = Images.xcassets; sourceTree = "<group>"; };
		195B9AC91A62EA86009A2FEF /* Base */ = {isa = PBXFileReference; lastKnownFileType = file.xib; name = Base; path = Base.lproj/LaunchScreen.xib; sourceTree = "<group>"; };
		195B9ACF1A62EA86009A2FEF /* Server-2015-iOSTests.xctest */ = {isa = PBXFileReference; explicitFileType = wrapper.cfbundle; includeInIndex = 0; path = "Server-2015-iOSTests.xctest"; sourceTree = BUILT_PRODUCTS_DIR; };
		195B9AD41A62EA86009A2FEF /* Info.plist */ = {isa = PBXFileReference; lastKnownFileType = text.plist.xml; path = Info.plist; sourceTree = "<group>"; };
		195B9AD51A62EA86009A2FEF /* Server_2015_iOSTests.m */ = {isa = PBXFileReference; lastKnownFileType = sourcecode.c.objc; path = Server_2015_iOSTests.m; sourceTree = "<group>"; };
		195B9ADF1A62F1EF009A2FEF /* default.png */ = {isa = PBXFileReference; lastKnownFileType = image.png; path = default.png; sourceTree = SOURCE_ROOT; };
		7E57B1E62DB1C50717E0CD44 /* Pods-Server-2015-iOS.debug.xcconfig */ = {isa = PBXFileReference; includeInIndex = 1; lastKnownFileType = text.xcconfig; name = "Pods-Server-2015-iOS.debug.xcconfig"; path = "Pods/Target Support Files/Pods-Server-2015-iOS/Pods-Server-2015-iOS.debug.xcconfig"; sourceTree = "<group>"; };
/* End PBXFileReference section */

/* Begin PBXFrameworksBuildPhase section */
		195B9AB31A62EA86009A2FEF /* Frameworks */ = {
			isa = PBXFrameworksBuildPhase;
			buildActionMask = 2147483647;
			files = (
				CAEF676CA2C18CA5EB4924DE /* libPods-Server-2015-iOS.a in Frameworks */,
			);
			runOnlyForDeploymentPostprocessing = 0;
		};
		195B9ACC1A62EA86009A2FEF /* Frameworks */ = {
			isa = PBXFrameworksBuildPhase;
			buildActionMask = 2147483647;
			files = (
			);
			runOnlyForDeploymentPostprocessing = 0;
		};
/* End PBXFrameworksBuildPhase section */

/* Begin PBXGroup section */
		195B9AAD1A62EA86009A2FEF = {
			isa = PBXGroup;
			children = (
				195B9AB81A62EA86009A2FEF /* Server-2015-iOS */,
				195B9AD21A62EA86009A2FEF /* Server-2015-iOSTests */,
				195B9AB71A62EA86009A2FEF /* Products */,
				A6A456B3E10C0395AF553DDE /* Pods */,
				C557159F5D05269F305E4CC2 /* Frameworks */,
			);
			sourceTree = "<group>";
		};
		195B9AB71A62EA86009A2FEF /* Products */ = {
			isa = PBXGroup;
			children = (
				195B9AB61A62EA86009A2FEF /* Server-2015-iOS.app */,
				195B9ACF1A62EA86009A2FEF /* Server-2015-iOSTests.xctest */,
			);
			name = Products;
			sourceTree = "<group>";
		};
		195B9AB81A62EA86009A2FEF /* Server-2015-iOS */ = {
			isa = PBXGroup;
			children = (
				195B9AC01A62EA86009A2FEF /* ViewController.h */,
				195B9AC11A62EA86009A2FEF /* ViewController.m */,
				195B9AC31A62EA86009A2FEF /* Main.storyboard */,
				195B9ADF1A62F1EF009A2FEF /* default.png */,
				195B9AC61A62EA86009A2FEF /* Images.xcassets */,
				195B9AC81A62EA86009A2FEF /* LaunchScreen.xib */,
				195B9AB91A62EA86009A2FEF /* Supporting Files */,
			);
			path = "Server-2015-iOS";
			sourceTree = "<group>";
		};
		195B9AB91A62EA86009A2FEF /* Supporting Files */ = {
			isa = PBXGroup;
			children = (
				195B9ABD1A62EA86009A2FEF /* AppDelegate.h */,
				195B9ABE1A62EA86009A2FEF /* AppDelegate.m */,
				195B9ABA1A62EA86009A2FEF /* Info.plist */,
				195B9ABB1A62EA86009A2FEF /* main.m */,
			);
			name = "Supporting Files";
			sourceTree = "<group>";
		};
		195B9AD21A62EA86009A2FEF /* Server-2015-iOSTests */ = {
			isa = PBXGroup;
			children = (
				195B9AD51A62EA86009A2FEF /* Server_2015_iOSTests.m */,
				195B9AD31A62EA86009A2FEF /* Supporting Files */,
			);
			path = "Server-2015-iOSTests";
			sourceTree = "<group>";
		};
		195B9AD31A62EA86009A2FEF /* Supporting Files */ = {
			isa = PBXGroup;
			children = (
				195B9AD41A62EA86009A2FEF /* Info.plist */,
			);
			name = "Supporting Files";
			sourceTree = "<group>";
		};
		A6A456B3E10C0395AF553DDE /* Pods */ = {
			isa = PBXGroup;
			children = (
				7E57B1E62DB1C50717E0CD44 /* Pods-Server-2015-iOS.debug.xcconfig */,
				1287F04B7B81849910000D36 /* Pods-Server-2015-iOS.release.xcconfig */,
			);
			name = Pods;
			sourceTree = "<group>";
		};
		C557159F5D05269F305E4CC2 /* Frameworks */ = {
			isa = PBXGroup;
			children = (
				166FAE544B134D51F3032594 /* libPods-Server-2015-iOS.a */,
			);
			name = Frameworks;
			sourceTree = "<group>";
		};
/* End PBXGroup section */

/* Begin PBXNativeTarget section */
		195B9AB51A62EA86009A2FEF /* Server-2015-iOS */ = {
			isa = PBXNativeTarget;
			buildConfigurationList = 195B9AD91A62EA86009A2FEF /* Build configuration list for PBXNativeTarget "Server-2015-iOS" */;
			buildPhases = (
				2ACC22C2544074780DD8961E /* Check Pods Manifest.lock */,
				195B9AB21A62EA86009A2FEF /* Sources */,
				195B9AB31A62EA86009A2FEF /* Frameworks */,
				195B9AB41A62EA86009A2FEF /* Resources */,
				4408CBDE91209320D878F571 /* Copy Pods Resources */,
			);
			buildRules = (
			);
			dependencies = (
			);
			name = "Server-2015-iOS";
			productName = "Server-2015-iOS";
			productReference = 195B9AB61A62EA86009A2FEF /* Server-2015-iOS.app */;
			productType = "com.apple.product-type.application";
		};
		195B9ACE1A62EA86009A2FEF /* Server-2015-iOSTests */ = {
			isa = PBXNativeTarget;
			buildConfigurationList = 195B9ADC1A62EA86009A2FEF /* Build configuration list for PBXNativeTarget "Server-2015-iOSTests" */;
			buildPhases = (
				195B9ACB1A62EA86009A2FEF /* Sources */,
				195B9ACC1A62EA86009A2FEF /* Frameworks */,
				195B9ACD1A62EA86009A2FEF /* Resources */,
			);
			buildRules = (
			);
			dependencies = (
				195B9AD11A62EA86009A2FEF /* PBXTargetDependency */,
			);
			name = "Server-2015-iOSTests";
			productName = "Server-2015-iOSTests";
			productReference = 195B9ACF1A62EA86009A2FEF /* Server-2015-iOSTests.xctest */;
			productType = "com.apple.product-type.bundle.unit-test";
		};
/* End PBXNativeTarget section */

/* Begin PBXProject section */
		195B9AAE1A62EA86009A2FEF /* Project object */ = {
			isa = PBXProject;
			attributes = {
				LastUpgradeCheck = 0610;
				ORGANIZATIONNAME = citruscircuits;
				TargetAttributes = {
					195B9AB51A62EA86009A2FEF = {
						CreatedOnToolsVersion = 6.1.1;
					};
					195B9ACE1A62EA86009A2FEF = {
						CreatedOnToolsVersion = 6.1.1;
						TestTargetID = 195B9AB51A62EA86009A2FEF;
					};
				};
			};
			buildConfigurationList = 195B9AB11A62EA86009A2FEF /* Build configuration list for PBXProject "Server-2015-iOS" */;
			compatibilityVersion = "Xcode 3.2";
			developmentRegion = English;
			hasScannedForEncodings = 0;
			knownRegions = (
				en,
				Base,
			);
			mainGroup = 195B9AAD1A62EA86009A2FEF;
			productRefGroup = 195B9AB71A62EA86009A2FEF /* Products */;
			projectDirPath = "";
			projectRoot = "";
			targets = (
				195B9AB51A62EA86009A2FEF /* Server-2015-iOS */,
				195B9ACE1A62EA86009A2FEF /* Server-2015-iOSTests */,
			);
		};
/* End PBXProject section */

/* Begin PBXResourcesBuildPhase section */
		195B9AB41A62EA86009A2FEF /* Resources */ = {
			isa = PBXResourcesBuildPhase;
			buildActionMask = 2147483647;
			files = (
				195B9AC51A62EA86009A2FEF /* Main.storyboard in Resources */,
				195B9ACA1A62EA86009A2FEF /* LaunchScreen.xib in Resources */,
				195B9AC71A62EA86009A2FEF /* Images.xcassets in Resources */,
				195B9AE01A62F1EF009A2FEF /* default.png in Resources */,
			);
			runOnlyForDeploymentPostprocessing = 0;
		};
		195B9ACD1A62EA86009A2FEF /* Resources */ = {
			isa = PBXResourcesBuildPhase;
			buildActionMask = 2147483647;
			files = (
			);
			runOnlyForDeploymentPostprocessing = 0;
		};
/* End PBXResourcesBuildPhase section */

/* Begin PBXShellScriptBuildPhase section */
		2ACC22C2544074780DD8961E /* Check Pods Manifest.lock */ = {
			isa = PBXShellScriptBuildPhase;
			buildActionMask = 2147483647;
			files = (
			);
			inputPaths = (
			);
			name = "Check Pods Manifest.lock";
			outputPaths = (
			);
			runOnlyForDeploymentPostprocessing = 0;
			shellPath = /bin/sh;
			shellScript = "diff \"${PODS_ROOT}/../Podfile.lock\" \"${PODS_ROOT}/Manifest.lock\" > /dev/null\nif [[ $? != 0 ]] ; then\n    cat << EOM\nerror: The sandbox is not in sync with the Podfile.lock. Run 'pod install' or update your CocoaPods installation.\nEOM\n    exit 1\nfi\n";
			showEnvVarsInLog = 0;
		};
		4408CBDE91209320D878F571 /* Copy Pods Resources */ = {
			isa = PBXShellScriptBuildPhase;
			buildActionMask = 2147483647;
			files = (
			);
			inputPaths = (
			);
			name = "Copy Pods Resources";
			outputPaths = (
			);
			runOnlyForDeploymentPostprocessing = 0;
			shellPath = /bin/sh;
			shellScript = "\"${SRCROOT}/Pods/Target Support Files/Pods-Server-2015-iOS/Pods-Server-2015-iOS-resources.sh\"\n";
			showEnvVarsInLog = 0;
		};
/* End PBXShellScriptBuildPhase section */

/* Begin PBXSourcesBuildPhase section */
		195B9AB21A62EA86009A2FEF /* Sources */ = {
			isa = PBXSourcesBuildPhase;
			buildActionMask = 2147483647;
			files = (
				195B9AC21A62EA86009A2FEF /* ViewController.m in Sources */,
				195B9ABF1A62EA86009A2FEF /* AppDelegate.m in Sources */,
				195B9ABC1A62EA86009A2FEF /* main.m in Sources */,
			);
			runOnlyForDeploymentPostprocessing = 0;
		};
		195B9ACB1A62EA86009A2FEF /* Sources */ = {
			isa = PBXSourcesBuildPhase;
			buildActionMask = 2147483647;
			files = (
				195B9AD61A62EA86009A2FEF /* Server_2015_iOSTests.m in Sources */,
			);
			runOnlyForDeploymentPostprocessing = 0;
		};
/* End PBXSourcesBuildPhase section */

/* Begin PBXTargetDependency section */
		195B9AD11A62EA86009A2FEF /* PBXTargetDependency */ = {
			isa = PBXTargetDependency;
			target = 195B9AB51A62EA86009A2FEF /* Server-2015-iOS */;
			targetProxy = 195B9AD01A62EA86009A2FEF /* PBXContainerItemProxy */;
		};
/* End PBXTargetDependency section */

/* Begin PBXVariantGroup section */
		195B9AC31A62EA86009A2FEF /* Main.storyboard */ = {
			isa = PBXVariantGroup;
			children = (
				195B9AC41A62EA86009A2FEF /* Base */,
			);
			name = Main.storyboard;
			sourceTree = "<group>";
		};
		195B9AC81A62EA86009A2FEF /* LaunchScreen.xib */ = {
			isa = PBXVariantGroup;
			children = (
				195B9AC91A62EA86009A2FEF /* Base */,
			);
			name = LaunchScreen.xib;
			sourceTree = "<group>";
		};
/* End PBXVariantGroup section */

/* Begin XCBuildConfiguration section */
		195B9AD71A62EA86009A2FEF /* Debug */ = {
			isa = XCBuildConfiguration;
			buildSettings = {
				ALWAYS_SEARCH_USER_PATHS = NO;
				CLANG_CXX_LANGUAGE_STANDARD = "gnu++0x";
				CLANG_CXX_LIBRARY = "libc++";
				CLANG_ENABLE_MODULES = YES;
				CLANG_ENABLE_OBJC_ARC = YES;
				CLANG_WARN_BOOL_CONVERSION = YES;
				CLANG_WARN_CONSTANT_CONVERSION = YES;
				CLANG_WARN_DIRECT_OBJC_ISA_USAGE = YES_ERROR;
				CLANG_WARN_EMPTY_BODY = YES;
				CLANG_WARN_ENUM_CONVERSION = YES;
				CLANG_WARN_INT_CONVERSION = YES;
				CLANG_WARN_OBJC_ROOT_CLASS = YES_ERROR;
				CLANG_WARN_UNREACHABLE_CODE = YES;
				CLANG_WARN__DUPLICATE_METHOD_MATCH = YES;
				"CODE_SIGN_IDENTITY[sdk=iphoneos*]" = "iPhone Developer";
				COPY_PHASE_STRIP = NO;
				ENABLE_STRICT_OBJC_MSGSEND = YES;
				GCC_C_LANGUAGE_STANDARD = gnu99;
				GCC_DYNAMIC_NO_PIC = NO;
				GCC_OPTIMIZATION_LEVEL = 0;
				GCC_PREPROCESSOR_DEFINITIONS = (
					"DEBUG=1",
					"$(inherited)",
				);
				GCC_SYMBOLS_PRIVATE_EXTERN = NO;
				GCC_WARN_64_TO_32_BIT_CONVERSION = YES;
				GCC_WARN_ABOUT_RETURN_TYPE = YES_ERROR;
				GCC_WARN_UNDECLARED_SELECTOR = YES;
				GCC_WARN_UNINITIALIZED_AUTOS = YES_AGGRESSIVE;
				GCC_WARN_UNUSED_FUNCTION = YES;
				GCC_WARN_UNUSED_VARIABLE = YES;
				IPHONEOS_DEPLOYMENT_TARGET = 8.1;
				MTL_ENABLE_DEBUG_INFO = YES;
				ONLY_ACTIVE_ARCH = YES;
				SDKROOT = iphoneos;
				TARGETED_DEVICE_FAMILY = "1,2";
			};
			name = Debug;
		};
		195B9AD81A62EA86009A2FEF /* Release */ = {
			isa = XCBuildConfiguration;
			buildSettings = {
				ALWAYS_SEARCH_USER_PATHS = NO;
				CLANG_CXX_LANGUAGE_STANDARD = "gnu++0x";
				CLANG_CXX_LIBRARY = "libc++";
				CLANG_ENABLE_MODULES = YES;
				CLANG_ENABLE_OBJC_ARC = YES;
				CLANG_WARN_BOOL_CONVERSION = YES;
				CLANG_WARN_CONSTANT_CONVERSION = YES;
				CLANG_WARN_DIRECT_OBJC_ISA_USAGE = YES_ERROR;
				CLANG_WARN_EMPTY_BODY = YES;
				CLANG_WARN_ENUM_CONVERSION = YES;
				CLANG_WARN_INT_CONVERSION = YES;
				CLANG_WARN_OBJC_ROOT_CLASS = YES_ERROR;
				CLANG_WARN_UNREACHABLE_CODE = YES;
				CLANG_WARN__DUPLICATE_METHOD_MATCH = YES;
				"CODE_SIGN_IDENTITY[sdk=iphoneos*]" = "iPhone Developer";
				COPY_PHASE_STRIP = YES;
				ENABLE_NS_ASSERTIONS = NO;
				ENABLE_STRICT_OBJC_MSGSEND = YES;
				GCC_C_LANGUAGE_STANDARD = gnu99;
				GCC_WARN_64_TO_32_BIT_CONVERSION = YES;
				GCC_WARN_ABOUT_RETURN_TYPE = YES_ERROR;
				GCC_WARN_UNDECLARED_SELECTOR = YES;
				GCC_WARN_UNINITIALIZED_AUTOS = YES_AGGRESSIVE;
				GCC_WARN_UNUSED_FUNCTION = YES;
				GCC_WARN_UNUSED_VARIABLE = YES;
				IPHONEOS_DEPLOYMENT_TARGET = 8.1;
				MTL_ENABLE_DEBUG_INFO = NO;
				SDKROOT = iphoneos;
				TARGETED_DEVICE_FAMILY = "1,2";
				VALIDATE_PRODUCT = YES;
			};
			name = Release;
		};
		195B9ADA1A62EA86009A2FEF /* Debug */ = {
			isa = XCBuildConfiguration;
			baseConfigurationReference = 7E57B1E62DB1C50717E0CD44 /* Pods-Server-2015-iOS.debug.xcconfig */;
			buildSettings = {
				ASSETCATALOG_COMPILER_APPICON_NAME = AppIcon;
				INFOPLIST_FILE = "Server-2015-iOS/Info.plist";
				LD_RUNPATH_SEARCH_PATHS = "$(inherited) @executable_path/Frameworks";
				PRODUCT_NAME = "$(TARGET_NAME)";
			};
			name = Debug;
		};
		195B9ADB1A62EA86009A2FEF /* Release */ = {
			isa = XCBuildConfiguration;
			baseConfigurationReference = 1287F04B7B81849910000D36 /* Pods-Server-2015-iOS.release.xcconfig */;
			buildSettings = {
				ASSETCATALOG_COMPILER_APPICON_NAME = AppIcon;
				INFOPLIST_FILE = "Server-2015-iOS/Info.plist";
				LD_RUNPATH_SEARCH_PATHS = "$(inherited) @executable_path/Frameworks";
				PRODUCT_NAME = "$(TARGET_NAME)";
			};
			name = Release;
		};
		195B9ADD1A62EA86009A2FEF /* Debug */ = {
			isa = XCBuildConfiguration;
			buildSettings = {
				BUNDLE_LOADER = "$(TEST_HOST)";
				FRAMEWORK_SEARCH_PATHS = (
					"$(SDKROOT)/Developer/Library/Frameworks",
					"$(inherited)",
				);
				GCC_PREPROCESSOR_DEFINITIONS = (
					"DEBUG=1",
					"$(inherited)",
				);
				INFOPLIST_FILE = "Server-2015-iOSTests/Info.plist";
				LD_RUNPATH_SEARCH_PATHS = "$(inherited) @executable_path/Frameworks @loader_path/Frameworks";
				PRODUCT_NAME = "$(TARGET_NAME)";
				TEST_HOST = "$(BUILT_PRODUCTS_DIR)/Server-2015-iOS.app/Server-2015-iOS";
			};
			name = Debug;
		};
		195B9ADE1A62EA86009A2FEF /* Release */ = {
			isa = XCBuildConfiguration;
			buildSettings = {
				BUNDLE_LOADER = "$(TEST_HOST)";
				FRAMEWORK_SEARCH_PATHS = (
					"$(SDKROOT)/Developer/Library/Frameworks",
					"$(inherited)",
				);
				INFOPLIST_FILE = "Server-2015-iOSTests/Info.plist";
				LD_RUNPATH_SEARCH_PATHS = "$(inherited) @executable_path/Frameworks @loader_path/Frameworks";
				PRODUCT_NAME = "$(TARGET_NAME)";
				TEST_HOST = "$(BUILT_PRODUCTS_DIR)/Server-2015-iOS.app/Server-2015-iOS";
			};
			name = Release;
		};
/* End XCBuildConfiguration section */

/* Begin XCConfigurationList section */
		195B9AB11A62EA86009A2FEF /* Build configuration list for PBXProject "Server-2015-iOS" */ = {
			isa = XCConfigurationList;
			buildConfigurations = (
				195B9AD71A62EA86009A2FEF /* Debug */,
				195B9AD81A62EA86009A2FEF /* Release */,
			);
			defaultConfigurationIsVisible = 0;
			defaultConfigurationName = Release;
		};
		195B9AD91A62EA86009A2FEF /* Build configuration list for PBXNativeTarget "Server-2015-iOS" */ = {
			isa = XCConfigurationList;
			buildConfigurations = (
				195B9ADA1A62EA86009A2FEF /* Debug */,
				195B9ADB1A62EA86009A2FEF /* Release */,
			);
			defaultConfigurationIsVisible = 0;
			defaultConfigurationName = Release;
		};
		195B9ADC1A62EA86009A2FEF /* Build configuration list for PBXNativeTarget "Server-2015-iOSTests" */ = {
			isa = XCConfigurationList;
			buildConfigurations = (
				195B9ADD1A62EA86009A2FEF /* Debug */,
				195B9ADE1A62EA86009A2FEF /* Release */,
			);
			defaultConfigurationIsVisible = 0;
			defaultConfigurationName = Release;
		};
/* End XCConfigurationList section */
	};
	rootObject = 195B9AAE1A62EA86009A2FEF /* Project object */;
}
